github.com/davecgh/go-spew v1.1.0/go.mod h1:J7Y8YcW2NihsgmVo/mv3lAwl/skON4iLHjSsI+c5H38=
github.com/davecgh/go-spew v1.1.1 h1:vj9j/u1bqnvCEfJOwUhtlOARqs3+rkHYY13jYWTU97c=
github.com/davecgh/go-spew v1.1.1/go.mod h1:J7Y8YcW2NihsgmVo/mv3lAwl/skON4iLHjSsI+c5H38=
github.com/jackc/pgpassfile v1.0.0 h1:/6Hmqy13Ss2zCq62VdNG8tM1wchn8zjSGOBJ6icpsIM=
github.com/jackc/pgpassfile v1.0.0/go.mod h1:CEx0iS5ambNFdcRtxPj5JhEz+xB6uRky5eyVu/W2HEg=
github.com/jackc/pgservicefile v0.0.0-20240606120523-5a60cdf6a761 h1:iCEnooe7UlwOQYpKFhBabPMi4aNAfoODPEFNiAnClxo=
github.com/jackc/pgservicefile v0.0.0-20240606120523-5a60cdf6a761/go.mod h1:5TJZWKEWniPve33vlWYSoGYefn3gLQRzjfDlhSJ9ZKM=
github.com/jackc/pgx/v5 v5.7.2 h1:mLoDLV6sonKlvjIEsV56SkWNCnuNv531l94GaIzO+XI=
github.com/jackc/pgx/v5 v5.7.2/go.mod h1:ncY89UGWxg82EykZUwSpUKEfccBGGYq1xjrOpsbsfGQ=
github.com/jackc/puddle/v2 v2.2.2 h1:PR8nw+E/1w0GLuRFSmiioY6UooMp6KJv0/61nB7icHo=
github.com/jackc/puddle/v2 v2.2.2/go.mod h1:vriiEXHvEE654aYKXXjOvZM39qJ0q+azkZFrfEOc3H4=
github.com/pmezard/go-difflib v1.0.0 h1:4DBwDE0NGyQoBHbLQYPwSUPoCMWR5BEzIk/f1lZbAQM=
github.com/pmezard/go-difflib v1.0.0/go.mod h1:iKH77koFhYxTK1pcRnkKkqfTogsbg7gZNVY4sRDYZ/4=
github.com/shepard-labs/go-ai-sdk/anthropic v0.0.0-20260620081441-362f89855cdb h1:z/C/Dz7KFJFHYgpBbcbepbH92uiZ4ycDSNYIFNr2afY=
github.com/shepard-labs/go-ai-sdk/anthropic v0.0.0-20260620081441-362f89855cdb/go.mod h1:6nzRlZ2fLPE7sM8Wb4J+jLjimSMfn3sCgLnguHp+OuI=
github.com/shepard-labs/go-ai-sdk/cohere v0.0.0-20260620081441-362f89855cdb h1:tx3UbbjO0r73gpS2VEdTVMFO/YtPo2h/iAnLw32oyi4=
github.com/shepard-labs/go-ai-sdk/cohere v0.0.0-20260620081441-362f89855cdb/go.mod h1:RNXfDeoCSpvEdZr/R5OmFVztqAoeDjS6Y5niuDCZ6jE=
github.com/shepard-labs/go-ai-sdk/google v0.0.0-20260620081441-362f89855cdb h1:fzguMott/q+i4z7b8NZzewRyWmEXGHcCoiRcXT0u/bE=
github.com/shepard-labs/go-ai-sdk/google v0.0.0-20260620081441-362f89855cdb/go.mod h1:+gvOVGaWx+Xto/QF2BqfopaYEYKURwcjpCzEGOrTLYM=
github.com/shepard-labs/go-ai-sdk/openai v0.0.0-20260620081441-362f89855cdb h1:1AgY3bm0pvwMLwZ6GDwsfjn/UkCnVPygXSoay67vX88=
github.com/shepard-labs/go-ai-sdk/openai v0.0.0-20260620081441-362f89855cdb/go.mod h1:ZC205kndzuqOOH70eyvJWz/UYv+3iB6AmtPfNZoLypA=
github.com/shepard-labs/go-ai-sdk/openaicompatible v0.0.0-20260620081441-362f89855cdb h1:DpvViD2h6KHi+aN+TIxt/11rMMXQU1J05dPnxo02FAw=
github.com/shepard-labs/go-ai-sdk/openaicompatible v0.0.0-20260620081441-362f89855cdb/go.mod h1:JvmFmixdPoJkWpPdaJT6kWCwbm6nhYRa9v78CcR454Q=
github.com/shepard-labs/go-ai-sdk/openrouter v0.0.0-20260620081441-362f89855cdb h1:xXClIiDtmzPhg9cMXwlfG0oz0sHDHypUT7QkfWn9IIs=
github.com/shepard-labs/go-ai-sdk/openrouter v0.0.0-20260620081441-362f89855cdb/go.mod h1:HYOPCfLNoWNnduxF///yRLnK5Lxp7GDbCTE+3B5qrdA=
github.com/shepard-labs/go-clients/storage v1.0.2 h1:kvJVJTqDSJAlnNA0vC3rXb9rI8aKsOGSTgjdK2UNEdg=
github.com/shepard-labs/go-clients/storage v1.0.2/go.mod h1:UpYaNvfs6gSD3rPfhajkMx+JdFYdax1ghe+taQHLGnc=
github.com/stretchr/objx v0.1.0/go.mod h1:HFkY916IF+rwdDfMAkV7OtwuqBVzrE8GR6GFx+wExME=
github.com/stretchr/testify v1.3.0/go.mod h1:M5WIy9Dh21IEIfnGCwXGc5bZfKNJtfHm1UVUgZn+9EI=
github.com/stretchr/testify v1.7.0/go.mod h1:6Fq8oRcR53rry900zMqJjRRixrwX3KX962/h/Wwjteg=
github.com/stretchr/testify v1.8.1 h1:w7B6lhMri9wdJUVmEZPGGhZzrYTPvgJArz7wNPgYKsk=
github.com/stretchr/testify v1.8.1/go.mod h1:w2LPCIKwWwSfY2zedu0+kehJoqGctiVI29o6fzry7u4=
golang.org/x/crypto v0.53.0 h1:QZ4Muo8THX6CizN2vPPd5fBGHyogrdK9fG4wLPFUsto=
golang.org/x/crypto v0.53.0/go.mod h1:DNLU434OwVakk9PzuwV8w62mAJpRJL3vsgcfp4Qnsio=
golang.org/x/sync v0.21.0 h1:HLII4xRRTtCRkxYp4HNFF0Js/Og6q2i++KXbg0gHCwM=
golang.org/x/sync v0.21.0/go.mod h1:9xrNwdLfx4jkKbNva9FpL6vEN7evnE43NNNJQ2LF3+0=
golang.org/x/text v0.38.0 h1:sXmwo9DwP3OK9EZ7PqAdaooSGozfl/3a6/xJcbzPRhE=
golang.org/x/text v0.38.0/go.mod h1:YXZt3QhHUKYT53r2lLKFIVi6Ao1jdzrTR/KQ09qyxF4=
gopkg.in/check.v1 v0.0.0-20161208181325-20d25e280405/go.mod h1:Co6ibVJAznAaIkqp8huTwlJQCZ016jof/cbN4VW5Yz0=
gopkg.in/yaml.v3 v3.0.0-20200313102051-9f266ea9e77c/go.mod h1:K4uyk7z7BCEPqu6E+C64Yfv1cQ7kz7rIZviUmN+EgEM=
gopkg.in/yaml.v3 v3.0.1 h1:fxVm/GzAzEWqLHuvctI91KS9hhNmmWOoWu0XTYJS7CA=
gopkg.in/yaml.v3 v3.0.1/go.mod h1:K4uyk7z7BCEPqu6E+C64Yfv1cQ7kz7rIZviUmN+EgEM=
