github.com/jackc/pgx/v5 v5.7.2 h1:mLoDLV6sonKlvjIEsV56SkWNCnuNv531l94GaIzO+XI=
github.com/jackc/pgx/v5 v5.7.2/go.mod h1:ncY89UGWxg82EykZUwSpUKEfccBGGYq1xjrOpsbsfGQ=
github.com/shepard-labs/go-clients/storage v1.0.2 h1:kvJVJTqDSJAlnNA0vC3rXb9rI8aKsOGSTgjdK2UNEdg=
github.com/shepard-labs/go-clients/storage v1.0.2/go.mod h1:UpYaNvfs6gSD3rPfhajkMx+JdFYdax1ghe+taQHLGnc=
